
Microsoft Visual Studio Solution File, Format Version 12.00
# Visual Studio Version 16
VisualStudioVersion = 16.0.30330.147
MinimumVisualStudioVersion = 10.0.40219.1
Project("{FAE04EC0-301F-11D3-BF4B-00C04F79EFBC}") = "RomantoInteger", "RomantoInteger\RomantoInteger.csproj", "{685E90A7-FF5E-49BC-9BD4-38F549A72A32}"
EndProject
Global
	GlobalSection(SolutionConfigurationPlatforms) = preSolution
		Debug|Any CPU = Debug|Any CPU
		Release|Any CPU = Release|Any CPU
	EndGlobalSection
	GlobalSection(ProjectConfigurationPlatforms) = postSolution
		{685E90A7-FF5E-49BC-9BD4-38F549A72A32}.Debug|Any CPU.ActiveCfg = Debug|Any CPU
		{685E90A7-FF5E-49BC-9BD4-38F549A72A32}.Debug|Any CPU.Build.0 = Debug|Any CPU
		{685E90A7-FF5E-49BC-9BD4-38F549A72A32}.Release|Any CPU.ActiveCfg = Release|Any CPU
		{685E90A7-FF5E-49BC-9BD4-38F549A72A32}.Release|Any CPU.Build.0 = Release|Any CPU
	EndGlobalSection
	GlobalSection(SolutionProperties) = preSolution
		HideSolutionNode = FALSE
	EndGlobalSection
	GlobalSection(ExtensibilityGlobals) = postSolution
		SolutionGuid = {82015398-3C4A-46A9-AAF7-02547813A098}
	EndGlobalSection
EndGlobal
