
Microsoft Visual Studio Solution File, Format Version 12.00
# Visual Studio Version 16
VisualStudioVersion = 16.0.30330.147
MinimumVisualStudioVersion = 10.0.40219.1
Project("{FAE04EC0-301F-11D3-BF4B-00C04F79EFBC}") = "StringRotation", "StringRotation\StringRotation.csproj", "{71AA93F5-BF10-4DF4-9BC8-F7A6EAB155EA}"
EndProject
Global
	GlobalSection(SolutionConfigurationPlatforms) = preSolution
		Debug|Any CPU = Debug|Any CPU
		Release|Any CPU = Release|Any CPU
	EndGlobalSection
	GlobalSection(ProjectConfigurationPlatforms) = postSolution
		{71AA93F5-BF10-4DF4-9BC8-F7A6EAB155EA}.Debug|Any CPU.ActiveCfg = Debug|Any CPU
		{71AA93F5-BF10-4DF4-9BC8-F7A6EAB155EA}.Debug|Any CPU.Build.0 = Debug|Any CPU
		{71AA93F5-BF10-4DF4-9BC8-F7A6EAB155EA}.Release|Any CPU.ActiveCfg = Release|Any CPU
		{71AA93F5-BF10-4DF4-9BC8-F7A6EAB155EA}.Release|Any CPU.Build.0 = Release|Any CPU
	EndGlobalSection
	GlobalSection(SolutionProperties) = preSolution
		HideSolutionNode = FALSE
	EndGlobalSection
	GlobalSection(ExtensibilityGlobals) = postSolution
		SolutionGuid = {CC535204-E5A9-4806-B19F-7BACC10A19EF}
	EndGlobalSection
EndGlobal
