
Microsoft Visual Studio Solution File, Format Version 12.00
# Visual Studio Version 16
VisualStudioVersion = 16.0.30330.147
MinimumVisualStudioVersion = 10.0.40219.1
Project("{FAE04EC0-301F-11D3-BF4B-00C04F79EFBC}") = "LocateStringOccurance", "LocateStringOccurance\LocateStringOccurance.csproj", "{14CD167A-B2F0-409C-8C26-D6D43B3A6F60}"
EndProject
Global
	GlobalSection(SolutionConfigurationPlatforms) = preSolution
		Debug|Any CPU = Debug|Any CPU
		Release|Any CPU = Release|Any CPU
	EndGlobalSection
	GlobalSection(ProjectConfigurationPlatforms) = postSolution
		{14CD167A-B2F0-409C-8C26-D6D43B3A6F60}.Debug|Any CPU.ActiveCfg = Debug|Any CPU
		{14CD167A-B2F0-409C-8C26-D6D43B3A6F60}.Debug|Any CPU.Build.0 = Debug|Any CPU
		{14CD167A-B2F0-409C-8C26-D6D43B3A6F60}.Release|Any CPU.ActiveCfg = Release|Any CPU
		{14CD167A-B2F0-409C-8C26-D6D43B3A6F60}.Release|Any CPU.Build.0 = Release|Any CPU
	EndGlobalSection
	GlobalSection(SolutionProperties) = preSolution
		HideSolutionNode = FALSE
	EndGlobalSection
	GlobalSection(ExtensibilityGlobals) = postSolution
		SolutionGuid = {36ECF119-9C9E-43E2-80BE-1807E3772FF7}
	EndGlobalSection
EndGlobal
